
Microsoft Visual Studio Solution File, Format Version 12.00
# Visual Studio 2012
Project("{E24C65DC-7377-472B-9ABA-BC803B73C61A}") = "web", "web\", "{29522DB1-9E08-41F7-89ED-29500E23F4A9}"
	ProjectSection(WebsiteProperties) = preProject
		TargetFrameworkMoniker = ".NETFramework,Version%3Dv4.0"
		ProjectReferences = "{2a39343d-9f8d-4cb3-98bc-bf1a5d88ad1f}|SmartFramework4v2.Data.dll;{c9925492-e4ed-4edd-b2b1-02d32c46d02d}|SmartFramework4v2.Web.dll;"
		Debug.AspNetCompiler.VirtualPath = "/web"
		Debug.AspNetCompiler.PhysicalPath = "web\"
		Debug.AspNetCompiler.TargetPath = "PrecompiledWeb\web\"
		Debug.AspNetCompiler.Updateable = "true"
		Debug.AspNetCompiler.ForceOverwrite = "true"
		Debug.AspNetCompiler.FixedNames = "false"
		Debug.AspNetCompiler.Debug = "True"
		Release.AspNetCompiler.VirtualPath = "/web"
		Release.AspNetCompiler.PhysicalPath = "web\"
		Release.AspNetCompiler.TargetPath = "PrecompiledWeb\web\"
		Release.AspNetCompiler.Updateable = "true"
		Release.AspNetCompiler.ForceOverwrite = "true"
		Release.AspNetCompiler.FixedNames = "false"
		Release.AspNetCompiler.Debug = "False"
		VWDPort = "21452"
		DefaultWebSiteLanguage = "Visual C#"
	EndProjectSection
EndProject
Project("{FAE04EC0-301F-11D3-BF4B-00C04F79EFBC}") = "SmartFramework4v2.Data", "..\svn\Library\SmartFramework4v2\SmartFramework4v2.Data\SmartFramework4v2.Data.csproj", "{2A39343D-9F8D-4CB3-98BC-BF1A5D88AD1F}"
EndProject
Project("{FAE04EC0-301F-11D3-BF4B-00C04F79EFBC}") = "SmartFramework4v2.Web", "..\svn\Library\SmartFramework4v2\SmartFramework4v2.Web\SmartFramework4v2.Web.csproj", "{C9925492-E4ED-4EDD-B2B1-02D32C46D02D}"
EndProject
Global
	GlobalSection(SolutionConfigurationPlatforms) = preSolution
		Debug|Any CPU = Debug|Any CPU
		Debug|x64 = Debug|x64
		Debug|x86 = Debug|x86
		Release|Any CPU = Release|Any CPU
		Release|x64 = Release|x64
		Release|x86 = Release|x86
	EndGlobalSection
	GlobalSection(ProjectConfigurationPlatforms) = postSolution
		{29522DB1-9E08-41F7-89ED-29500E23F4A9}.Debug|Any CPU.ActiveCfg = Debug|Any CPU
		{29522DB1-9E08-41F7-89ED-29500E23F4A9}.Debug|Any CPU.Build.0 = Debug|Any CPU
		{29522DB1-9E08-41F7-89ED-29500E23F4A9}.Debug|x64.ActiveCfg = Debug|Any CPU
		{29522DB1-9E08-41F7-89ED-29500E23F4A9}.Debug|x86.ActiveCfg = Debug|Any CPU
		{29522DB1-9E08-41F7-89ED-29500E23F4A9}.Debug|x86.Build.0 = Debug|Any CPU
		{29522DB1-9E08-41F7-89ED-29500E23F4A9}.Release|Any CPU.ActiveCfg = Debug|Any CPU
		{29522DB1-9E08-41F7-89ED-29500E23F4A9}.Release|Any CPU.Build.0 = Debug|Any CPU
		{29522DB1-9E08-41F7-89ED-29500E23F4A9}.Release|x64.ActiveCfg = Debug|Any CPU
		{29522DB1-9E08-41F7-89ED-29500E23F4A9}.Release|x86.ActiveCfg = Debug|Any CPU
		{2A39343D-9F8D-4CB3-98BC-BF1A5D88AD1F}.Debug|Any CPU.ActiveCfg = Debug|Any CPU
		{2A39343D-9F8D-4CB3-98BC-BF1A5D88AD1F}.Debug|Any CPU.Build.0 = Debug|Any CPU
		{2A39343D-9F8D-4CB3-98BC-BF1A5D88AD1F}.Debug|x64.ActiveCfg = Debug|x64
		{2A39343D-9F8D-4CB3-98BC-BF1A5D88AD1F}.Debug|x64.Build.0 = Debug|x64
		{2A39343D-9F8D-4CB3-98BC-BF1A5D88AD1F}.Debug|x86.ActiveCfg = Debug|x86
		{2A39343D-9F8D-4CB3-98BC-BF1A5D88AD1F}.Debug|x86.Build.0 = Debug|x86
		{2A39343D-9F8D-4CB3-98BC-BF1A5D88AD1F}.Release|Any CPU.ActiveCfg = Release|Any CPU
		{2A39343D-9F8D-4CB3-98BC-BF1A5D88AD1F}.Release|Any CPU.Build.0 = Release|Any CPU
		{2A39343D-9F8D-4CB3-98BC-BF1A5D88AD1F}.Release|x64.ActiveCfg = Release|x64
		{2A39343D-9F8D-4CB3-98BC-BF1A5D88AD1F}.Release|x64.Build.0 = Release|x64
		{2A39343D-9F8D-4CB3-98BC-BF1A5D88AD1F}.Release|x86.ActiveCfg = Release|x86
		{2A39343D-9F8D-4CB3-98BC-BF1A5D88AD1F}.Release|x86.Build.0 = Release|x86
		{C9925492-E4ED-4EDD-B2B1-02D32C46D02D}.Debug|Any CPU.ActiveCfg = Debug|Any CPU
		{C9925492-E4ED-4EDD-B2B1-02D32C46D02D}.Debug|Any CPU.Build.0 = Debug|Any CPU
		{C9925492-E4ED-4EDD-B2B1-02D32C46D02D}.Debug|x64.ActiveCfg = Debug|Any CPU
		{C9925492-E4ED-4EDD-B2B1-02D32C46D02D}.Debug|x86.ActiveCfg = Debug|x86
		{C9925492-E4ED-4EDD-B2B1-02D32C46D02D}.Debug|x86.Build.0 = Debug|x86
		{C9925492-E4ED-4EDD-B2B1-02D32C46D02D}.Release|Any CPU.ActiveCfg = Release|Any CPU
		{C9925492-E4ED-4EDD-B2B1-02D32C46D02D}.Release|Any CPU.Build.0 = Release|Any CPU
		{C9925492-E4ED-4EDD-B2B1-02D32C46D02D}.Release|x64.ActiveCfg = Release|Any CPU
		{C9925492-E4ED-4EDD-B2B1-02D32C46D02D}.Release|x86.ActiveCfg = Release|x86
		{C9925492-E4ED-4EDD-B2B1-02D32C46D02D}.Release|x86.Build.0 = Release|x86
	EndGlobalSection
	GlobalSection(SolutionProperties) = preSolution
		HideSolutionNode = FALSE
	EndGlobalSection
	GlobalSection(ExtensibilityGlobals) = postSolution
		VisualSVNWorkingCopyRoot = .
	EndGlobalSection
EndGlobal
